github.com/swaggest/swgui v1.8.5 h1:nceK5OJcpXpkfjmPNH6wtubbd8ZYwxy043xmx0SK18g=
github.com/swaggest/swgui v1.8.5/go.mod h1:kvSzLC7+wK4l9n/YcQlb2AMeQtkno9i3C6imADv/fLQ=
github.com/vearutop/statigz v1.4.0 h1:RQL0KG3j/uyA/PFpHeZ/L6l2ta920/MxlOAIGEOuwmU=
github.com/vearutop/statigz v1.4.0/go.mod h1:LYTolBLiz9oJISwiVKnOQoIwhO1LWX1A7OECawGS8XE=
